
Microsoft Visual Studio Solution File, Format Version 12.00
# Visual Studio 2012
Project("{8BC9CEB8-8B4A-11D0-8D11-00A0C91BC942}") = "车厢调度", "车厢调度\车厢调度.vcxproj", "{29312965-9ADB-48CC-856E-B08772519D0B}"
EndProject
Global
	GlobalSection(SolutionConfigurationPlatforms) = preSolution
		Debug|Win32 = Debug|Win32
		Release|Win32 = Release|Win32
	EndGlobalSection
	GlobalSection(ProjectConfigurationPlatforms) = postSolution
		{29312965-9ADB-48CC-856E-B08772519D0B}.Debug|Win32.ActiveCfg = Debug|Win32
		{29312965-9ADB-48CC-856E-B08772519D0B}.Debug|Win32.Build.0 = Debug|Win32
		{29312965-9ADB-48CC-856E-B08772519D0B}.Release|Win32.ActiveCfg = Release|Win32
		{29312965-9ADB-48CC-856E-B08772519D0B}.Release|Win32.Build.0 = Release|Win32
	EndGlobalSection
	GlobalSection(SolutionProperties) = preSolution
		HideSolutionNode = FALSE
	EndGlobalSection
EndGlobal
